
Microsoft Visual Studio Solution File, Format Version 12.00
# Visual Studio Version 17
VisualStudioVersion = 17.9.34714.143
MinimumVisualStudioVersion = 10.0.40219.1
Project("{FAE04EC0-301F-11D3-BF4B-00C04F79EFBC}") = "MushroomLogAdditions", "MushroomLogAdditions\MushroomLogAdditions.csproj", "{82BCBB3A-91D0-4B50-B9A5-D0F59079CC81}"
EndProject
Global
	GlobalSection(SolutionConfigurationPlatforms) = preSolution
		Debug|Any CPU = Debug|Any CPU
		Release|Any CPU = Release|Any CPU
	EndGlobalSection
	GlobalSection(ProjectConfigurationPlatforms) = postSolution
		{82BCBB3A-91D0-4B50-B9A5-D0F59079CC81}.Debug|Any CPU.ActiveCfg = Debug|Any CPU
		{82BCBB3A-91D0-4B50-B9A5-D0F59079CC81}.Debug|Any CPU.Build.0 = Debug|Any CPU
		{82BCBB3A-91D0-4B50-B9A5-D0F59079CC81}.Release|Any CPU.ActiveCfg = Release|Any CPU
		{82BCBB3A-91D0-4B50-B9A5-D0F59079CC81}.Release|Any CPU.Build.0 = Release|Any CPU
	EndGlobalSection
	GlobalSection(SolutionProperties) = preSolution
		HideSolutionNode = FALSE
	EndGlobalSection
	GlobalSection(ExtensibilityGlobals) = postSolution
		SolutionGuid = {0E6181CF-503B-4E23-971B-7AE15884D920}
	EndGlobalSection
EndGlobal
